
Microsoft Visual Studio Solution File, Format Version 12.00
# Visual Studio 15
VisualStudioVersion = 15.0.27703.2035
MinimumVisualStudioVersion = 10.0.40219.1
Project("{FAE04EC0-301F-11D3-BF4B-00C04F79EFBC}") = "HappyCore", "HappyCore\HappyCore.csproj", "{A332CA9F-9568-4D4F-9AF9-403134FB28E1}"
EndProject
Project("{FAE04EC0-301F-11D3-BF4B-00C04F79EFBC}") = "HappyTest", "HappyTest\HappyTest.csproj", "{DA3BC32F-60BE-4557-AD34-8F5D20AA3AF5}"
EndProject
Global
	GlobalSection(SolutionConfigurationPlatforms) = preSolution
		Debug|Any CPU = Debug|Any CPU
		Release|Any CPU = Release|Any CPU
	EndGlobalSection
	GlobalSection(ProjectConfigurationPlatforms) = postSolution
		{A332CA9F-9568-4D4F-9AF9-403134FB28E1}.Debug|Any CPU.ActiveCfg = Debug|Any CPU
		{A332CA9F-9568-4D4F-9AF9-403134FB28E1}.Debug|Any CPU.Build.0 = Debug|Any CPU
		{A332CA9F-9568-4D4F-9AF9-403134FB28E1}.Release|Any CPU.ActiveCfg = Release|Any CPU
		{A332CA9F-9568-4D4F-9AF9-403134FB28E1}.Release|Any CPU.Build.0 = Release|Any CPU
		{DA3BC32F-60BE-4557-AD34-8F5D20AA3AF5}.Debug|Any CPU.ActiveCfg = Debug|Any CPU
		{DA3BC32F-60BE-4557-AD34-8F5D20AA3AF5}.Debug|Any CPU.Build.0 = Debug|Any CPU
		{DA3BC32F-60BE-4557-AD34-8F5D20AA3AF5}.Release|Any CPU.ActiveCfg = Release|Any CPU
		{DA3BC32F-60BE-4557-AD34-8F5D20AA3AF5}.Release|Any CPU.Build.0 = Release|Any CPU
	EndGlobalSection
	GlobalSection(SolutionProperties) = preSolution
		HideSolutionNode = FALSE
	EndGlobalSection
	GlobalSection(ExtensibilityGlobals) = postSolution
		SolutionGuid = {7E094E6E-2781-42C8-83F5-4C2310E059CB}
	EndGlobalSection
EndGlobal
